
Microsoft Visual Studio Solution File, Format Version 12.00
# Visual Studio Version 17
VisualStudioVersion = 17.8.34511.84
MinimumVisualStudioVersion = 10.0.40219.1
Project("{9A19103F-16F7-4668-BE54-9A1E7A4F7556}") = "BulkyBookWeb", "BulkyWeb\BulkyBookWeb.csproj", "{4F7DC144-2A9F-47F6-9EF6-FDBD04B06B97}"
EndProject
Project("{9A19103F-16F7-4668-BE54-9A1E7A4F7556}") = "BulkyBook.DataAccess", "Bulky.DataAccess\BulkyBook.DataAccess.csproj", "{406214BA-606E-44DE-8CBC-0FA1D17B4CAB}"
EndProject
Project("{9A19103F-16F7-4668-BE54-9A1E7A4F7556}") = "BulkyBook.Models", "Bulky.Models\BulkyBook.Models.csproj", "{9DB756B7-657F-45CA-A712-A92D463F0082}"
EndProject
Project("{9A19103F-16F7-4668-BE54-9A1E7A4F7556}") = "BulkyBook.Utility", "Bulky.Utility\BulkyBook.Utility.csproj", "{26322EC6-1241-44BB-9460-9C5597D1F854}"
EndProject
Project("{2150E333-8FDC-42A3-9474-1A3956D46DE8}") = "Solution Items", "Solution Items", "{2065E0AC-1A86-4C81-9491-7DC466244092}"
EndProject
Global
	GlobalSection(SolutionConfigurationPlatforms) = preSolution
		Debug|Any CPU = Debug|Any CPU
		Release|Any CPU = Release|Any CPU
	EndGlobalSection
	GlobalSection(ProjectConfigurationPlatforms) = postSolution
		{4F7DC144-2A9F-47F6-9EF6-FDBD04B06B97}.Debug|Any CPU.ActiveCfg = Debug|Any CPU
		{4F7DC144-2A9F-47F6-9EF6-FDBD04B06B97}.Debug|Any CPU.Build.0 = Debug|Any CPU
		{4F7DC144-2A9F-47F6-9EF6-FDBD04B06B97}.Release|Any CPU.ActiveCfg = Release|Any CPU
		{4F7DC144-2A9F-47F6-9EF6-FDBD04B06B97}.Release|Any CPU.Build.0 = Release|Any CPU
		{406214BA-606E-44DE-8CBC-0FA1D17B4CAB}.Debug|Any CPU.ActiveCfg = Debug|Any CPU
		{406214BA-606E-44DE-8CBC-0FA1D17B4CAB}.Debug|Any CPU.Build.0 = Debug|Any CPU
		{406214BA-606E-44DE-8CBC-0FA1D17B4CAB}.Release|Any CPU.ActiveCfg = Release|Any CPU
		{406214BA-606E-44DE-8CBC-0FA1D17B4CAB}.Release|Any CPU.Build.0 = Release|Any CPU
		{9DB756B7-657F-45CA-A712-A92D463F0082}.Debug|Any CPU.ActiveCfg = Debug|Any CPU
		{9DB756B7-657F-45CA-A712-A92D463F0082}.Debug|Any CPU.Build.0 = Debug|Any CPU
		{9DB756B7-657F-45CA-A712-A92D463F0082}.Release|Any CPU.ActiveCfg = Release|Any CPU
		{9DB756B7-657F-45CA-A712-A92D463F0082}.Release|Any CPU.Build.0 = Release|Any CPU
		{26322EC6-1241-44BB-9460-9C5597D1F854}.Debug|Any CPU.ActiveCfg = Debug|Any CPU
		{26322EC6-1241-44BB-9460-9C5597D1F854}.Debug|Any CPU.Build.0 = Debug|Any CPU
		{26322EC6-1241-44BB-9460-9C5597D1F854}.Release|Any CPU.ActiveCfg = Release|Any CPU
		{26322EC6-1241-44BB-9460-9C5597D1F854}.Release|Any CPU.Build.0 = Release|Any CPU
	EndGlobalSection
	GlobalSection(SolutionProperties) = preSolution
		HideSolutionNode = FALSE
	EndGlobalSection
	GlobalSection(ExtensibilityGlobals) = postSolution
		SolutionGuid = {19A001DB-CE61-4785-B879-976C4ED59B84}
	EndGlobalSection
EndGlobal
